{
  "name": "angular-macos-ui",
  "version": "0.0.0",
  "lockfileVersion": 1,
  "requires": true,
  "dependencies": {
    "@angular/animations": {
      "version": "7.1.4",
      "resolved": "https://registry.npmjs.org/@angular/animations/-/animations-7.1.4.tgz",
      "integrity": "sha512-877LZ83scksJtflVz97CUWlSsZnxduBxPD+ls5OTrTT/bq3muzHCm8rgTO7S8fBwwrEVXLorvMAlhDPpMg5Swg==",
      "dev": true,
      "requires": {
        "tslib": "^1.9.0"
      }
    },
    "@angular/common": {
      "version": "7.1.4",
      "resolved": "https://registry.npmjs.org/@angular/common/-/common-7.1.4.tgz",
      "integrity": "sha512-oQPCilcf1H/OXmt4z6PfGoCSb1YPRBAXGs/KRBARm3tYan2r5CmV0BFwpWXWQrEMt8YQqqLiBQUQ64d8+VFm8Q==",
      "dev": true,
      "requires": {
        "tslib": "^1.9.0"
      }
    },
    "@angular/compiler": {
      "version": "7.1.4",
      "resolved": "https://registry.npmjs.org/@angular/compiler/-/compiler-7.1.4.tgz",
      "integrity": "sha512-AvYXtjEJ27Rhv4c27DXNEa58Lit63jdydzbz7VuyFhNU+FwDUK2DC4gZe0nWZsf7HUniJezVRFkECDCZQeSKCQ==",
      "dev": true,
      "requires": {
        "tslib": "^1.9.0"
      }
    },
    "@angular/core": {
      "version": "7.1.4",
      "resolved": "https://registry.npmjs.org/@angular/core/-/core-7.1.4.tgz",
      "integrity": "sha512-36uWLrmmlzf8JKaq2A5F2tPQEHvFSsbTQWOT559Drp1tzM2uSA7PysNHv5TXUshDn5i54S2EQFm4bj2YPp4Hzg==",
      "dev": true,
      "requires": {
        "tslib": "^1.9.0"
      }
    },
    "@angular/forms": {
      "version": "7.1.4",
      "resolved": "https://registry.npmjs.org/@angular/forms/-/forms-7.1.4.tgz",
      "integrity": "sha512-YB2lDRe7aMsaO5ZlbeFZGH+uTQOcpotFDKCmTckpefRJ7id6TlUSBYdYRH80qOQfPJGpsnqQvLZkL24UMasKtQ==",
      "dev": true,
      "requires": {
        "tslib": "^1.9.0"
      }
    },
    "@angular/platform-browser": {
      "version": "7.1.4",
      "resolved": "https://registry.npmjs.org/@angular/platform-browser/-/platform-browser-7.1.4.tgz",
      "integrity": "sha512-lIFBKo6Uqty7qYDI9T8quFCUzUpGBgpzvDe14aAHFwZCft9rMS1J7PB1F26/dy2RBQE8tUyN2zp2xZQnYAhMcA==",
      "dev": true,
      "requires": {
        "tslib": "^1.9.0"
      }
    },
    "rxjs": {
      "version": "6.3.3",
      "resolved": "https://registry.npmjs.org/rxjs/-/rxjs-6.3.3.tgz",
      "integrity": "sha512-JTWmoY9tWCs7zvIk/CvRjhjGaOd+OVBM987mxFo+OW66cGpdKjZcpmc74ES1sB//7Kl/PAe8+wEakuhG4pcgOw==",
      "dev": true,
      "requires": {
        "tslib": "^1.9.0"
      }
    },
    "tslib": {
      "version": "1.9.3",
      "resolved": "https://registry.npmjs.org/tslib/-/tslib-1.9.3.tgz",
      "integrity": "sha512-4krF8scpejhaOgqzBEcGM7yDIEfi0/8+8zDRZhNZZ2kjmHJ4hv3zCbQWxoJGz1iw5U0Jl0nma13xzHXcncMavQ==",
      "dev": true
    }
  }
}
